
Microsoft Visual Studio Solution File, Format Version 12.00
# Visual Studio 15
VisualStudioVersion = 15.0.28010.0
MinimumVisualStudioVersion = 10.0.40219.1
Project("{FAE04EC0-301F-11D3-BF4B-00C04F79EFBC}") = "S_LEARNING.Android", "S_LEARNING\S_LEARNING.Android\S_LEARNING.Android.csproj", "{9CBDB9F7-E2A0-477D-8254-3DA01BAAD511}"
EndProject
Project("{FAE04EC0-301F-11D3-BF4B-00C04F79EFBC}") = "S_LEARNING.iOS", "S_LEARNING\S_LEARNING.iOS\S_LEARNING.iOS.csproj", "{400D7D91-C79D-4A4C-98EC-D19FAAFA3D52}"
EndProject
Project("{FAE04EC0-301F-11D3-BF4B-00C04F79EFBC}") = "S_LEARNING", "S_LEARNING\S_LEARNING\S_LEARNING.csproj", "{EE09D129-4095-41E7-BFC6-2507CCE5D5DA}"
EndProject
Global
	GlobalSection(SolutionConfigurationPlatforms) = preSolution
		Ad-Hoc|Any CPU = Ad-Hoc|Any CPU
		Ad-Hoc|iPhone = Ad-Hoc|iPhone
		Ad-Hoc|iPhoneSimulator = Ad-Hoc|iPhoneSimulator
		AppStore|Any CPU = AppStore|Any CPU
		AppStore|iPhone = AppStore|iPhone
		AppStore|iPhoneSimulator = AppStore|iPhoneSimulator
		Debug|Any CPU = Debug|Any CPU
		Debug|iPhone = Debug|iPhone
		Debug|iPhoneSimulator = Debug|iPhoneSimulator
		Release|Any CPU = Release|Any CPU
		Release|iPhone = Release|iPhone
		Release|iPhoneSimulator = Release|iPhoneSimulator
	EndGlobalSection
	GlobalSection(ProjectConfigurationPlatforms) = postSolution
		{9CBDB9F7-E2A0-477D-8254-3DA01BAAD511}.Ad-Hoc|Any CPU.ActiveCfg = Release|Any CPU
		{9CBDB9F7-E2A0-477D-8254-3DA01BAAD511}.Ad-Hoc|Any CPU.Build.0 = Release|Any CPU
		{9CBDB9F7-E2A0-477D-8254-3DA01BAAD511}.Ad-Hoc|Any CPU.Deploy.0 = Release|Any CPU
		{9CBDB9F7-E2A0-477D-8254-3DA01BAAD511}.Ad-Hoc|iPhone.ActiveCfg = Release|Any CPU
		{9CBDB9F7-E2A0-477D-8254-3DA01BAAD511}.Ad-Hoc|iPhone.Build.0 = Release|Any CPU
		{9CBDB9F7-E2A0-477D-8254-3DA01BAAD511}.Ad-Hoc|iPhone.Deploy.0 = Release|Any CPU
		{9CBDB9F7-E2A0-477D-8254-3DA01BAAD511}.Ad-Hoc|iPhoneSimulator.ActiveCfg = Release|Any CPU
		{9CBDB9F7-E2A0-477D-8254-3DA01BAAD511}.Ad-Hoc|iPhoneSimulator.Build.0 = Release|Any CPU
		{9CBDB9F7-E2A0-477D-8254-3DA01BAAD511}.Ad-Hoc|iPhoneSimulator.Deploy.0 = Release|Any CPU
		{9CBDB9F7-E2A0-477D-8254-3DA01BAAD511}.AppStore|Any CPU.ActiveCfg = Release|Any CPU
		{9CBDB9F7-E2A0-477D-8254-3DA01BAAD511}.AppStore|Any CPU.Build.0 = Release|Any CPU
		{9CBDB9F7-E2A0-477D-8254-3DA01BAAD511}.AppStore|Any CPU.Deploy.0 = Release|Any CPU
		{9CBDB9F7-E2A0-477D-8254-3DA01BAAD511}.AppStore|iPhone.ActiveCfg = Release|Any CPU
		{9CBDB9F7-E2A0-477D-8254-3DA01BAAD511}.AppStore|iPhone.Build.0 = Release|Any CPU
		{9CBDB9F7-E2A0-477D-8254-3DA01BAAD511}.AppStore|iPhone.Deploy.0 = Release|Any CPU
		{9CBDB9F7-E2A0-477D-8254-3DA01BAAD511}.AppStore|iPhoneSimulator.ActiveCfg = Release|Any CPU
		{9CBDB9F7-E2A0-477D-8254-3DA01BAAD511}.AppStore|iPhoneSimulator.Build.0 = Release|Any CPU
		{9CBDB9F7-E2A0-477D-8254-3DA01BAAD511}.AppStore|iPhoneSimulator.Deploy.0 = Release|Any CPU
		{9CBDB9F7-E2A0-477D-8254-3DA01BAAD511}.Debug|Any CPU.ActiveCfg = Debug|Any CPU
		{9CBDB9F7-E2A0-477D-8254-3DA01BAAD511}.Debug|Any CPU.Build.0 = Debug|Any CPU
		{9CBDB9F7-E2A0-477D-8254-3DA01BAAD511}.Debug|Any CPU.Deploy.0 = Debug|Any CPU
		{9CBDB9F7-E2A0-477D-8254-3DA01BAAD511}.Debug|iPhone.ActiveCfg = Debug|Any CPU
		{9CBDB9F7-E2A0-477D-8254-3DA01BAAD511}.Debug|iPhone.Build.0 = Debug|Any CPU
		{9CBDB9F7-E2A0-477D-8254-3DA01BAAD511}.Debug|iPhone.Deploy.0 = Debug|Any CPU
		{9CBDB9F7-E2A0-477D-8254-3DA01BAAD511}.Debug|iPhoneSimulator.ActiveCfg = Debug|Any CPU
		{9CBDB9F7-E2A0-477D-8254-3DA01BAAD511}.Debug|iPhoneSimulator.Build.0 = Debug|Any CPU
		{9CBDB9F7-E2A0-477D-8254-3DA01BAAD511}.Debug|iPhoneSimulator.Deploy.0 = Debug|Any CPU
		{9CBDB9F7-E2A0-477D-8254-3DA01BAAD511}.Release|Any CPU.ActiveCfg = Release|Any CPU
		{9CBDB9F7-E2A0-477D-8254-3DA01BAAD511}.Release|Any CPU.Build.0 = Release|Any CPU
		{9CBDB9F7-E2A0-477D-8254-3DA01BAAD511}.Release|Any CPU.Deploy.0 = Release|Any CPU
		{9CBDB9F7-E2A0-477D-8254-3DA01BAAD511}.Release|iPhone.ActiveCfg = Release|Any CPU
		{9CBDB9F7-E2A0-477D-8254-3DA01BAAD511}.Release|iPhone.Build.0 = Release|Any CPU
		{9CBDB9F7-E2A0-477D-8254-3DA01BAAD511}.Release|iPhone.Deploy.0 = Release|Any CPU
		{9CBDB9F7-E2A0-477D-8254-3DA01BAAD511}.Release|iPhoneSimulator.ActiveCfg = Release|Any CPU
		{9CBDB9F7-E2A0-477D-8254-3DA01BAAD511}.Release|iPhoneSimulator.Build.0 = Release|Any CPU
		{9CBDB9F7-E2A0-477D-8254-3DA01BAAD511}.Release|iPhoneSimulator.Deploy.0 = Release|Any CPU
		{400D7D91-C79D-4A4C-98EC-D19FAAFA3D52}.Ad-Hoc|Any CPU.ActiveCfg = Ad-Hoc|iPhone
		{400D7D91-C79D-4A4C-98EC-D19FAAFA3D52}.Ad-Hoc|Any CPU.Build.0 = Ad-Hoc|iPhone
		{400D7D91-C79D-4A4C-98EC-D19FAAFA3D52}.Ad-Hoc|Any CPU.Deploy.0 = Ad-Hoc|iPhone
		{400D7D91-C79D-4A4C-98EC-D19FAAFA3D52}.Ad-Hoc|iPhone.ActiveCfg = Ad-Hoc|iPhone
		{400D7D91-C79D-4A4C-98EC-D19FAAFA3D52}.Ad-Hoc|iPhone.Build.0 = Ad-Hoc|iPhone
		{400D7D91-C79D-4A4C-98EC-D19FAAFA3D52}.Ad-Hoc|iPhone.Deploy.0 = Ad-Hoc|iPhone
		{400D7D91-C79D-4A4C-98EC-D19FAAFA3D52}.Ad-Hoc|iPhoneSimulator.ActiveCfg = Ad-Hoc|iPhoneSimulator
		{400D7D91-C79D-4A4C-98EC-D19FAAFA3D52}.Ad-Hoc|iPhoneSimulator.Build.0 = Ad-Hoc|iPhoneSimulator
		{400D7D91-C79D-4A4C-98EC-D19FAAFA3D52}.Ad-Hoc|iPhoneSimulator.Deploy.0 = Ad-Hoc|iPhoneSimulator
		{400D7D91-C79D-4A4C-98EC-D19FAAFA3D52}.AppStore|Any CPU.ActiveCfg = AppStore|iPhone
		{400D7D91-C79D-4A4C-98EC-D19FAAFA3D52}.AppStore|Any CPU.Build.0 = AppStore|iPhone
		{400D7D91-C79D-4A4C-98EC-D19FAAFA3D52}.AppStore|Any CPU.Deploy.0 = AppStore|iPhone
		{400D7D91-C79D-4A4C-98EC-D19FAAFA3D52}.AppStore|iPhone.ActiveCfg = AppStore|iPhone
		{400D7D91-C79D-4A4C-98EC-D19FAAFA3D52}.AppStore|iPhone.Build.0 = AppStore|iPhone
		{400D7D91-C79D-4A4C-98EC-D19FAAFA3D52}.AppStore|iPhone.Deploy.0 = AppStore|iPhone
		{400D7D91-C79D-4A4C-98EC-D19FAAFA3D52}.AppStore|iPhoneSimulator.ActiveCfg = AppStore|iPhoneSimulator
		{400D7D91-C79D-4A4C-98EC-D19FAAFA3D52}.AppStore|iPhoneSimulator.Build.0 = AppStore|iPhoneSimulator
		{400D7D91-C79D-4A4C-98EC-D19FAAFA3D52}.AppStore|iPhoneSimulator.Deploy.0 = AppStore|iPhoneSimulator
		{400D7D91-C79D-4A4C-98EC-D19FAAFA3D52}.Debug|Any CPU.ActiveCfg = Debug|iPhoneSimulator
		{400D7D91-C79D-4A4C-98EC-D19FAAFA3D52}.Debug|Any CPU.Build.0 = Debug|iPhoneSimulator
		{400D7D91-C79D-4A4C-98EC-D19FAAFA3D52}.Debug|Any CPU.Deploy.0 = Debug|iPhoneSimulator
		{400D7D91-C79D-4A4C-98EC-D19FAAFA3D52}.Debug|iPhone.ActiveCfg = Debug|iPhone
		{400D7D91-C79D-4A4C-98EC-D19FAAFA3D52}.Debug|iPhone.Build.0 = Debug|iPhone
		{400D7D91-C79D-4A4C-98EC-D19FAAFA3D52}.Debug|iPhone.Deploy.0 = Debug|iPhone
		{400D7D91-C79D-4A4C-98EC-D19FAAFA3D52}.Debug|iPhoneSimulator.ActiveCfg = Debug|iPhoneSimulator
		{400D7D91-C79D-4A4C-98EC-D19FAAFA3D52}.Debug|iPhoneSimulator.Build.0 = Debug|iPhoneSimulator
		{400D7D91-C79D-4A4C-98EC-D19FAAFA3D52}.Debug|iPhoneSimulator.Deploy.0 = Debug|iPhoneSimulator
		{400D7D91-C79D-4A4C-98EC-D19FAAFA3D52}.Release|Any CPU.ActiveCfg = Release|iPhone
		{400D7D91-C79D-4A4C-98EC-D19FAAFA3D52}.Release|Any CPU.Build.0 = Release|iPhone
		{400D7D91-C79D-4A4C-98EC-D19FAAFA3D52}.Release|Any CPU.Deploy.0 = Release|iPhone
		{400D7D91-C79D-4A4C-98EC-D19FAAFA3D52}.Release|iPhone.ActiveCfg = Release|iPhone
		{400D7D91-C79D-4A4C-98EC-D19FAAFA3D52}.Release|iPhone.Build.0 = Release|iPhone
		{400D7D91-C79D-4A4C-98EC-D19FAAFA3D52}.Release|iPhone.Deploy.0 = Release|iPhone
		{400D7D91-C79D-4A4C-98EC-D19FAAFA3D52}.Release|iPhoneSimulator.ActiveCfg = Release|iPhoneSimulator
		{400D7D91-C79D-4A4C-98EC-D19FAAFA3D52}.Release|iPhoneSimulator.Build.0 = Release|iPhoneSimulator
		{400D7D91-C79D-4A4C-98EC-D19FAAFA3D52}.Release|iPhoneSimulator.Deploy.0 = Release|iPhoneSimulator
		{EE09D129-4095-41E7-BFC6-2507CCE5D5DA}.Ad-Hoc|Any CPU.ActiveCfg = Debug|Any CPU
		{EE09D129-4095-41E7-BFC6-2507CCE5D5DA}.Ad-Hoc|Any CPU.Build.0 = Debug|Any CPU
		{EE09D129-4095-41E7-BFC6-2507CCE5D5DA}.Ad-Hoc|Any CPU.Deploy.0 = Debug|Any CPU
		{EE09D129-4095-41E7-BFC6-2507CCE5D5DA}.Ad-Hoc|iPhone.ActiveCfg = Debug|Any CPU
		{EE09D129-4095-41E7-BFC6-2507CCE5D5DA}.Ad-Hoc|iPhone.Build.0 = Debug|Any CPU
		{EE09D129-4095-41E7-BFC6-2507CCE5D5DA}.Ad-Hoc|iPhone.Deploy.0 = Debug|Any CPU
		{EE09D129-4095-41E7-BFC6-2507CCE5D5DA}.Ad-Hoc|iPhoneSimulator.ActiveCfg = Debug|Any CPU
		{EE09D129-4095-41E7-BFC6-2507CCE5D5DA}.Ad-Hoc|iPhoneSimulator.Build.0 = Debug|Any CPU
		{EE09D129-4095-41E7-BFC6-2507CCE5D5DA}.Ad-Hoc|iPhoneSimulator.Deploy.0 = Debug|Any CPU
		{EE09D129-4095-41E7-BFC6-2507CCE5D5DA}.AppStore|Any CPU.ActiveCfg = Debug|Any CPU
		{EE09D129-4095-41E7-BFC6-2507CCE5D5DA}.AppStore|Any CPU.Build.0 = Debug|Any CPU
		{EE09D129-4095-41E7-BFC6-2507CCE5D5DA}.AppStore|Any CPU.Deploy.0 = Debug|Any CPU
		{EE09D129-4095-41E7-BFC6-2507CCE5D5DA}.AppStore|iPhone.ActiveCfg = Debug|Any CPU
		{EE09D129-4095-41E7-BFC6-2507CCE5D5DA}.AppStore|iPhone.Build.0 = Debug|Any CPU
		{EE09D129-4095-41E7-BFC6-2507CCE5D5DA}.AppStore|iPhone.Deploy.0 = Debug|Any CPU
		{EE09D129-4095-41E7-BFC6-2507CCE5D5DA}.AppStore|iPhoneSimulator.ActiveCfg = Debug|Any CPU
		{EE09D129-4095-41E7-BFC6-2507CCE5D5DA}.AppStore|iPhoneSimulator.Build.0 = Debug|Any CPU
		{EE09D129-4095-41E7-BFC6-2507CCE5D5DA}.AppStore|iPhoneSimulator.Deploy.0 = Debug|Any CPU
		{EE09D129-4095-41E7-BFC6-2507CCE5D5DA}.Debug|Any CPU.ActiveCfg = Debug|Any CPU
		{EE09D129-4095-41E7-BFC6-2507CCE5D5DA}.Debug|Any CPU.Build.0 = Debug|Any CPU
		{EE09D129-4095-41E7-BFC6-2507CCE5D5DA}.Debug|Any CPU.Deploy.0 = Debug|Any CPU
		{EE09D129-4095-41E7-BFC6-2507CCE5D5DA}.Debug|iPhone.ActiveCfg = Debug|Any CPU
		{EE09D129-4095-41E7-BFC6-2507CCE5D5DA}.Debug|iPhone.Build.0 = Debug|Any CPU
		{EE09D129-4095-41E7-BFC6-2507CCE5D5DA}.Debug|iPhone.Deploy.0 = Debug|Any CPU
		{EE09D129-4095-41E7-BFC6-2507CCE5D5DA}.Debug|iPhoneSimulator.ActiveCfg = Debug|Any CPU
		{EE09D129-4095-41E7-BFC6-2507CCE5D5DA}.Debug|iPhoneSimulator.Build.0 = Debug|Any CPU
		{EE09D129-4095-41E7-BFC6-2507CCE5D5DA}.Debug|iPhoneSimulator.Deploy.0 = Debug|Any CPU
		{EE09D129-4095-41E7-BFC6-2507CCE5D5DA}.Release|Any CPU.ActiveCfg = Release|Any CPU
		{EE09D129-4095-41E7-BFC6-2507CCE5D5DA}.Release|Any CPU.Build.0 = Release|Any CPU
		{EE09D129-4095-41E7-BFC6-2507CCE5D5DA}.Release|Any CPU.Deploy.0 = Release|Any CPU
		{EE09D129-4095-41E7-BFC6-2507CCE5D5DA}.Release|iPhone.ActiveCfg = Release|Any CPU
		{EE09D129-4095-41E7-BFC6-2507CCE5D5DA}.Release|iPhone.Build.0 = Release|Any CPU
		{EE09D129-4095-41E7-BFC6-2507CCE5D5DA}.Release|iPhone.Deploy.0 = Release|Any CPU
		{EE09D129-4095-41E7-BFC6-2507CCE5D5DA}.Release|iPhoneSimulator.ActiveCfg = Release|Any CPU
		{EE09D129-4095-41E7-BFC6-2507CCE5D5DA}.Release|iPhoneSimulator.Build.0 = Release|Any CPU
		{EE09D129-4095-41E7-BFC6-2507CCE5D5DA}.Release|iPhoneSimulator.Deploy.0 = Release|Any CPU
	EndGlobalSection
	GlobalSection(SolutionProperties) = preSolution
		HideSolutionNode = FALSE
	EndGlobalSection
	GlobalSection(ExtensibilityGlobals) = postSolution
		SolutionGuid = {A3E5367C-BE66-4D47-90D0-D47672997E11}
	EndGlobalSection
EndGlobal
